// !$*UTF8*$!
{
	archiveVersion = 1;
	classes = {
	};
	objectVersion = 46;
	objects = {

/* Begin PBXBuildFile section */
		35C1BD9C6FD0549DC00E6F6F /* Pods_SimularImagesSearch.framework in Frameworks */ = {isa = PBXBuildFile; fileRef = 8281926CB42AED3E0BCD51F1 /* Pods_SimularImagesSearch.framework */; };
		A538642E1C17336C00BB6F24 /* AppDelegate.swift in Sources */ = {isa = PBXBuildFile; fileRef = A538642D1C17336C00BB6F24 /* AppDelegate.swift */; };
		A53864301C17336C00BB6F24 /* ViewController.swift in Sources */ = {isa = PBXBuildFile; fileRef = A538642F1C17336C00BB6F24 /* ViewController.swift */; };
		A53864351C17336C00BB6F24 /* Assets.xcassets in Resources */ = {isa = PBXBuildFile; fileRef = A53864341C17336C00BB6F24 /* Assets.xcassets */; };
		A53864381C17336C00BB6F24 /* LaunchScreen.storyboard in Resources */ = {isa = PBXBuildFile; fileRef = A53864361C17336C00BB6F24 /* LaunchScreen.storyboard */; };
		A53864401C17338800BB6F24 /* UIImageExtensions.swift in Sources */ = {isa = PBXBuildFile; fileRef = A538643F1C17338800BB6F24 /* UIImageExtensions.swift */; };
		A5743C911C1C2CC800CFD040 /* Operation.swift in Sources */ = {isa = PBXBuildFile; fileRef = A5743C901C1C2CC800CFD040 /* Operation.swift */; };
		A5743C931C1C2CD900CFD040 /* EuclideanOperation.swift in Sources */ = {isa = PBXBuildFile; fileRef = A5743C921C1C2CD900CFD040 /* EuclideanOperation.swift */; };
		A5AC36B31C174B9C0037645C /* ImageCell.swift in Sources */ = {isa = PBXBuildFile; fileRef = A5AC36B21C174B9C0037645C /* ImageCell.swift */; };
		A5AC36B51C174C0D0037645C /* UIKitExtensions.swift in Sources */ = {isa = PBXBuildFile; fileRef = A5AC36B41C174C0D0037645C /* UIKitExtensions.swift */; };
		A5AC36B71C174C780037645C /* Constants.swift in Sources */ = {isa = PBXBuildFile; fileRef = A5AC36B61C174C780037645C /* Constants.swift */; };
		A5AC36BE1C1750380037645C /* BaseView.swift in Sources */ = {isa = PBXBuildFile; fileRef = A5AC36BD1C1750380037645C /* BaseView.swift */; };
		A5AC36C01C1765DE0037645C /* ImageSearchHeaderView.swift in Sources */ = {isa = PBXBuildFile; fileRef = A5AC36BF1C1765DE0037645C /* ImageSearchHeaderView.swift */; };
		A5B72A3C1C196CBB008E0528 /* HistogramVector.swift in Sources */ = {isa = PBXBuildFile; fileRef = A5B72A3B1C196CBB008E0528 /* HistogramVector.swift */; };
		A5C7A3221C1A14A300931EF6 /* BCOperation.swift in Sources */ = {isa = PBXBuildFile; fileRef = A5C7A3211C1A14A300931EF6 /* BCOperation.swift */; };
/* End PBXBuildFile section */

/* Begin PBXFileReference section */
		3352DB0841213269163D245D /* Pods-SimularImagesSearch.release.xcconfig */ = {isa = PBXFileReference; includeInIndex = 1; lastKnownFileType = text.xcconfig; name = "Pods-SimularImagesSearch.release.xcconfig"; path = "Pods/Target Support Files/Pods-SimularImagesSearch/Pods-SimularImagesSearch.release.xcconfig"; sourceTree = "<group>"; };
		33A27149196E953950C09F5A /* Pods-SimularImagesSearch.debug.xcconfig */ = {isa = PBXFileReference; includeInIndex = 1; lastKnownFileType = text.xcconfig; name = "Pods-SimularImagesSearch.debug.xcconfig"; path = "Pods/Target Support Files/Pods-SimularImagesSearch/Pods-SimularImagesSearch.debug.xcconfig"; sourceTree = "<group>"; };
		8281926CB42AED3E0BCD51F1 /* Pods_SimularImagesSearch.framework */ = {isa = PBXFileReference; explicitFileType = wrapper.framework; includeInIndex = 0; path = Pods_SimularImagesSearch.framework; sourceTree = BUILT_PRODUCTS_DIR; };
		A538642A1C17336C00BB6F24 /* SimularImagesSearch.app */ = {isa = PBXFileReference; explicitFileType = wrapper.application; includeInIndex = 0; path = SimularImagesSearch.app; sourceTree = BUILT_PRODUCTS_DIR; };
		A538642D1C17336C00BB6F24 /* AppDelegate.swift */ = {isa = PBXFileReference; lastKnownFileType = sourcecode.swift; path = AppDelegate.swift; sourceTree = "<group>"; };
		A538642F1C17336C00BB6F24 /* ViewController.swift */ = {isa = PBXFileReference; lastKnownFileType = sourcecode.swift; path = ViewController.swift; sourceTree = "<group>"; };
		A53864341C17336C00BB6F24 /* Assets.xcassets */ = {isa = PBXFileReference; lastKnownFileType = folder.assetcatalog; path = Assets.xcassets; sourceTree = "<group>"; };
		A53864371C17336C00BB6F24 /* Base */ = {isa = PBXFileReference; lastKnownFileType = file.storyboard; name = Base; path = Base.lproj/LaunchScreen.storyboard; sourceTree = "<group>"; };
		A53864391C17336C00BB6F24 /* Info.plist */ = {isa = PBXFileReference; lastKnownFileType = text.plist.xml; path = Info.plist; sourceTree = "<group>"; };
		A538643F1C17338800BB6F24 /* UIImageExtensions.swift */ = {isa = PBXFileReference; fileEncoding = 4; lastKnownFileType = sourcecode.swift; path = UIImageExtensions.swift; sourceTree = "<group>"; };
		A5743C901C1C2CC800CFD040 /* Operation.swift */ = {isa = PBXFileReference; fileEncoding = 4; lastKnownFileType = sourcecode.swift; path = Operation.swift; sourceTree = "<group>"; };
		A5743C921C1C2CD900CFD040 /* EuclideanOperation.swift */ = {isa = PBXFileReference; fileEncoding = 4; lastKnownFileType = sourcecode.swift; path = EuclideanOperation.swift; sourceTree = "<group>"; };
		A5AC36B21C174B9C0037645C /* ImageCell.swift */ = {isa = PBXFileReference; fileEncoding = 4; lastKnownFileType = sourcecode.swift; path = ImageCell.swift; sourceTree = "<group>"; };
		A5AC36B41C174C0D0037645C /* UIKitExtensions.swift */ = {isa = PBXFileReference; fileEncoding = 4; lastKnownFileType = sourcecode.swift; path = UIKitExtensions.swift; sourceTree = "<group>"; };
		A5AC36B61C174C780037645C /* Constants.swift */ = {isa = PBXFileReference; fileEncoding = 4; lastKnownFileType = sourcecode.swift; path = Constants.swift; sourceTree = "<group>"; };
		A5AC36BD1C1750380037645C /* BaseView.swift */ = {isa = PBXFileReference; fileEncoding = 4; lastKnownFileType = sourcecode.swift; path = BaseView.swift; sourceTree = "<group>"; };
		A5AC36BF1C1765DE0037645C /* ImageSearchHeaderView.swift */ = {isa = PBXFileReference; fileEncoding = 4; lastKnownFileType = sourcecode.swift; path = ImageSearchHeaderView.swift; sourceTree = "<group>"; };
		A5B72A3B1C196CBB008E0528 /* HistogramVector.swift */ = {isa = PBXFileReference; fileEncoding = 4; lastKnownFileType = sourcecode.swift; path = HistogramVector.swift; sourceTree = "<group>"; };
		A5C7A3211C1A14A300931EF6 /* BCOperation.swift */ = {isa = PBXFileReference; fileEncoding = 4; lastKnownFileType = sourcecode.swift; path = BCOperation.swift; sourceTree = "<group>"; };
/* End PBXFileReference section */

/* Begin PBXFrameworksBuildPhase section */
		A53864271C17336C00BB6F24 /* Frameworks */ = {
			isa = PBXFrameworksBuildPhase;
			buildActionMask = 2147483647;
			files = (
				35C1BD9C6FD0549DC00E6F6F /* Pods_SimularImagesSearch.framework in Frameworks */,
			);
			runOnlyForDeploymentPostprocessing = 0;
		};
/* End PBXFrameworksBuildPhase section */

/* Begin PBXGroup section */
		5962E720913397322167248C /* Pods */ = {
			isa = PBXGroup;
			children = (
				33A27149196E953950C09F5A /* Pods-SimularImagesSearch.debug.xcconfig */,
				3352DB0841213269163D245D /* Pods-SimularImagesSearch.release.xcconfig */,
			);
			name = Pods;
			sourceTree = "<group>";
		};
		73CD183F12B47730EF678F94 /* Frameworks */ = {
			isa = PBXGroup;
			children = (
				8281926CB42AED3E0BCD51F1 /* Pods_SimularImagesSearch.framework */,
			);
			name = Frameworks;
			sourceTree = "<group>";
		};
		A53864211C17336C00BB6F24 = {
			isa = PBXGroup;
			children = (
				A538642C1C17336C00BB6F24 /* SimularImagesSearch */,
				A538642B1C17336C00BB6F24 /* Products */,
				5962E720913397322167248C /* Pods */,
				73CD183F12B47730EF678F94 /* Frameworks */,
			);
			sourceTree = "<group>";
		};
		A538642B1C17336C00BB6F24 /* Products */ = {
			isa = PBXGroup;
			children = (
				A538642A1C17336C00BB6F24 /* SimularImagesSearch.app */,
			);
			name = Products;
			sourceTree = "<group>";
		};
		A538642C1C17336C00BB6F24 /* SimularImagesSearch */ = {
			isa = PBXGroup;
			children = (
				A5C7A3201C1A148500931EF6 /* Operations */,
				A5B72A3A1C196CAC008E0528 /* Models */,
				A5AC36B81C174F780037645C /* ViewControllers */,
				A5AC36BA1C174F8F0037645C /* Extensions */,
				A5AC36B91C174F800037645C /* Resources */,
			);
			path = SimularImagesSearch;
			sourceTree = "<group>";
		};
		A5AC36B81C174F780037645C /* ViewControllers */ = {
			isa = PBXGroup;
			children = (
				A5AC36BB1C174F9E0037645C /* SimularImageSearcher */,
			);
			name = ViewControllers;
			sourceTree = "<group>";
		};
		A5AC36B91C174F800037645C /* Resources */ = {
			isa = PBXGroup;
			children = (
				A5AC36B61C174C780037645C /* Constants.swift */,
				A538642D1C17336C00BB6F24 /* AppDelegate.swift */,
				A53864341C17336C00BB6F24 /* Assets.xcassets */,
				A53864361C17336C00BB6F24 /* LaunchScreen.storyboard */,
				A53864391C17336C00BB6F24 /* Info.plist */,
			);
			name = Resources;
			sourceTree = "<group>";
		};
		A5AC36BA1C174F8F0037645C /* Extensions */ = {
			isa = PBXGroup;
			children = (
				A538643F1C17338800BB6F24 /* UIImageExtensions.swift */,
				A5AC36B41C174C0D0037645C /* UIKitExtensions.swift */,
			);
			name = Extensions;
			sourceTree = "<group>";
		};
		A5AC36BB1C174F9E0037645C /* SimularImageSearcher */ = {
			isa = PBXGroup;
			children = (
				A538642F1C17336C00BB6F24 /* ViewController.swift */,
				A5AC36BC1C174FAC0037645C /* Views */,
			);
			name = SimularImageSearcher;
			sourceTree = "<group>";
		};
		A5AC36BC1C174FAC0037645C /* Views */ = {
			isa = PBXGroup;
			children = (
				A5AC36B21C174B9C0037645C /* ImageCell.swift */,
				A5AC36BD1C1750380037645C /* BaseView.swift */,
				A5AC36BF1C1765DE0037645C /* ImageSearchHeaderView.swift */,
			);
			name = Views;
			sourceTree = "<group>";
		};
		A5B72A3A1C196CAC008E0528 /* Models */ = {
			isa = PBXGroup;
			children = (
				A5B72A3B1C196CBB008E0528 /* HistogramVector.swift */,
			);
			name = Models;
			sourceTree = "<group>";
		};
		A5C7A3201C1A148500931EF6 /* Operations */ = {
			isa = PBXGroup;
			children = (
				A5C7A3211C1A14A300931EF6 /* BCOperation.swift */,
				A5743C901C1C2CC800CFD040 /* Operation.swift */,
				A5743C921C1C2CD900CFD040 /* EuclideanOperation.swift */,
			);
			name = Operations;
			sourceTree = "<group>";
		};
/* End PBXGroup section */

/* Begin PBXNativeTarget section */
		A53864291C17336C00BB6F24 /* SimularImagesSearch */ = {
			isa = PBXNativeTarget;
			buildConfigurationList = A538643C1C17336C00BB6F24 /* Build configuration list for PBXNativeTarget "SimularImagesSearch" */;
			buildPhases = (
				F84BE59B6891C08D586176C0 /* Check Pods Manifest.lock */,
				A53864261C17336C00BB6F24 /* Sources */,
				A53864271C17336C00BB6F24 /* Frameworks */,
				A53864281C17336C00BB6F24 /* Resources */,
				59653CE5473C23808AA85C4B /* Embed Pods Frameworks */,
				60E9F1FC8808053EE1ED08BA /* Copy Pods Resources */,
			);
			buildRules = (
			);
			dependencies = (
			);
			name = SimularImagesSearch;
			productName = SimularImagesSearch;
			productReference = A538642A1C17336C00BB6F24 /* SimularImagesSearch.app */;
			productType = "com.apple.product-type.application";
		};
/* End PBXNativeTarget section */

/* Begin PBXProject section */
		A53864221C17336C00BB6F24 /* Project object */ = {
			isa = PBXProject;
			attributes = {
				LastSwiftUpdateCheck = 0710;
				LastUpgradeCheck = 0710;
				ORGANIZATIONNAME = "samuel susla";
				TargetAttributes = {
					A53864291C17336C00BB6F24 = {
						CreatedOnToolsVersion = 7.1.1;
					};
				};
			};
			buildConfigurationList = A53864251C17336C00BB6F24 /* Build configuration list for PBXProject "SimularImagesSearch" */;
			compatibilityVersion = "Xcode 3.2";
			developmentRegion = English;
			hasScannedForEncodings = 0;
			knownRegions = (
				en,
				Base,
			);
			mainGroup = A53864211C17336C00BB6F24;
			productRefGroup = A538642B1C17336C00BB6F24 /* Products */;
			projectDirPath = "";
			projectRoot = "";
			targets = (
				A53864291C17336C00BB6F24 /* SimularImagesSearch */,
			);
		};
/* End PBXProject section */

/* Begin PBXResourcesBuildPhase section */
		A53864281C17336C00BB6F24 /* Resources */ = {
			isa = PBXResourcesBuildPhase;
			buildActionMask = 2147483647;
			files = (
				A53864381C17336C00BB6F24 /* LaunchScreen.storyboard in Resources */,
				A53864351C17336C00BB6F24 /* Assets.xcassets in Resources */,
			);
			runOnlyForDeploymentPostprocessing = 0;
		};
/* End PBXResourcesBuildPhase section */

/* Begin PBXShellScriptBuildPhase section */
		59653CE5473C23808AA85C4B /* Embed Pods Frameworks */ = {
			isa = PBXShellScriptBuildPhase;
			buildActionMask = 2147483647;
			files = (
			);
			inputPaths = (
			);
			name = "Embed Pods Frameworks";
			outputPaths = (
			);
			runOnlyForDeploymentPostprocessing = 0;
			shellPath = /bin/sh;
			shellScript = "\"${SRCROOT}/Pods/Target Support Files/Pods-SimularImagesSearch/Pods-SimularImagesSearch-frameworks.sh\"\n";
			showEnvVarsInLog = 0;
		};
		60E9F1FC8808053EE1ED08BA /* Copy Pods Resources */ = {
			isa = PBXShellScriptBuildPhase;
			buildActionMask = 2147483647;
			files = (
			);
			inputPaths = (
			);
			name = "Copy Pods Resources";
			outputPaths = (
			);
			runOnlyForDeploymentPostprocessing = 0;
			shellPath = /bin/sh;
			shellScript = "\"${SRCROOT}/Pods/Target Support Files/Pods-SimularImagesSearch/Pods-SimularImagesSearch-resources.sh\"\n";
			showEnvVarsInLog = 0;
		};
		F84BE59B6891C08D586176C0 /* Check Pods Manifest.lock */ = {
			isa = PBXShellScriptBuildPhase;
			buildActionMask = 2147483647;
			files = (
			);
			inputPaths = (
			);
			name = "Check Pods Manifest.lock";
			outputPaths = (
			);
			runOnlyForDeploymentPostprocessing = 0;
			shellPath = /bin/sh;
			shellScript = "diff \"${PODS_ROOT}/../Podfile.lock\" \"${PODS_ROOT}/Manifest.lock\" > /dev/null\nif [[ $? != 0 ]] ; then\n    cat << EOM\nerror: The sandbox is not in sync with the Podfile.lock. Run 'pod install' or update your CocoaPods installation.\nEOM\n    exit 1\nfi\n";
			showEnvVarsInLog = 0;
		};
/* End PBXShellScriptBuildPhase section */

/* Begin PBXSourcesBuildPhase section */
		A53864261C17336C00BB6F24 /* Sources */ = {
			isa = PBXSourcesBuildPhase;
			buildActionMask = 2147483647;
			files = (
				A5743C931C1C2CD900CFD040 /* EuclideanOperation.swift in Sources */,
				A53864401C17338800BB6F24 /* UIImageExtensions.swift in Sources */,
				A5B72A3C1C196CBB008E0528 /* HistogramVector.swift in Sources */,
				A53864301C17336C00BB6F24 /* ViewController.swift in Sources */,
				A5AC36BE1C1750380037645C /* BaseView.swift in Sources */,
				A5AC36C01C1765DE0037645C /* ImageSearchHeaderView.swift in Sources */,
				A538642E1C17336C00BB6F24 /* AppDelegate.swift in Sources */,
				A5AC36B31C174B9C0037645C /* ImageCell.swift in Sources */,
				A5AC36B51C174C0D0037645C /* UIKitExtensions.swift in Sources */,
				A5C7A3221C1A14A300931EF6 /* BCOperation.swift in Sources */,
				A5AC36B71C174C780037645C /* Constants.swift in Sources */,
				A5743C911C1C2CC800CFD040 /* Operation.swift in Sources */,
			);
			runOnlyForDeploymentPostprocessing = 0;
		};
/* End PBXSourcesBuildPhase section */

/* Begin PBXVariantGroup section */
		A53864361C17336C00BB6F24 /* LaunchScreen.storyboard */ = {
			isa = PBXVariantGroup;
			children = (
				A53864371C17336C00BB6F24 /* Base */,
			);
			name = LaunchScreen.storyboard;
			sourceTree = "<group>";
		};
/* End PBXVariantGroup section */

/* Begin XCBuildConfiguration section */
		A538643A1C17336C00BB6F24 /* Debug */ = {
			isa = XCBuildConfiguration;
			buildSettings = {
				ALWAYS_SEARCH_USER_PATHS = NO;
				CLANG_CXX_LANGUAGE_STANDARD = "gnu++0x";
				CLANG_CXX_LIBRARY = "libc++";
				CLANG_ENABLE_MODULES = YES;
				CLANG_ENABLE_OBJC_ARC = YES;
				CLANG_WARN_BOOL_CONVERSION = YES;
				CLANG_WARN_CONSTANT_CONVERSION = YES;
				CLANG_WARN_DIRECT_OBJC_ISA_USAGE = YES_ERROR;
				CLANG_WARN_EMPTY_BODY = YES;
				CLANG_WARN_ENUM_CONVERSION = YES;
				CLANG_WARN_INT_CONVERSION = YES;
				CLANG_WARN_OBJC_ROOT_CLASS = YES_ERROR;
				CLANG_WARN_UNREACHABLE_CODE = YES;
				CLANG_WARN__DUPLICATE_METHOD_MATCH = YES;
				"CODE_SIGN_IDENTITY[sdk=iphoneos*]" = "iPhone Developer";
				COPY_PHASE_STRIP = NO;
				DEBUG_INFORMATION_FORMAT = dwarf;
				ENABLE_STRICT_OBJC_MSGSEND = YES;
				ENABLE_TESTABILITY = YES;
				GCC_C_LANGUAGE_STANDARD = gnu99;
				GCC_DYNAMIC_NO_PIC = NO;
				GCC_NO_COMMON_BLOCKS = YES;
				GCC_OPTIMIZATION_LEVEL = 0;
				GCC_PREPROCESSOR_DEFINITIONS = (
					"DEBUG=1",
					"$(inherited)",
				);
				GCC_WARN_64_TO_32_BIT_CONVERSION = YES;
				GCC_WARN_ABOUT_RETURN_TYPE = YES_ERROR;
				GCC_WARN_UNDECLARED_SELECTOR = YES;
				GCC_WARN_UNINITIALIZED_AUTOS = YES_AGGRESSIVE;
				GCC_WARN_UNUSED_FUNCTION = YES;
				GCC_WARN_UNUSED_VARIABLE = YES;
				IPHONEOS_DEPLOYMENT_TARGET = 9.1;
				MTL_ENABLE_DEBUG_INFO = YES;
				ONLY_ACTIVE_ARCH = YES;
				SDKROOT = iphoneos;
				SWIFT_OPTIMIZATION_LEVEL = "-Onone";
				TARGETED_DEVICE_FAMILY = "1,2";
			};
			name = Debug;
		};
		A538643B1C17336C00BB6F24 /* Release */ = {
			isa = XCBuildConfiguration;
			buildSettings = {
				ALWAYS_SEARCH_USER_PATHS = NO;
				CLANG_CXX_LANGUAGE_STANDARD = "gnu++0x";
				CLANG_CXX_LIBRARY = "libc++";
				CLANG_ENABLE_MODULES = YES;
				CLANG_ENABLE_OBJC_ARC = YES;
				CLANG_WARN_BOOL_CONVERSION = YES;
				CLANG_WARN_CONSTANT_CONVERSION = YES;
				CLANG_WARN_DIRECT_OBJC_ISA_USAGE = YES_ERROR;
				CLANG_WARN_EMPTY_BODY = YES;
				CLANG_WARN_ENUM_CONVERSION = YES;
				CLANG_WARN_INT_CONVERSION = YES;
				CLANG_WARN_OBJC_ROOT_CLASS = YES_ERROR;
				CLANG_WARN_UNREACHABLE_CODE = YES;
				CLANG_WARN__DUPLICATE_METHOD_MATCH = YES;
				"CODE_SIGN_IDENTITY[sdk=iphoneos*]" = "iPhone Developer";
				COPY_PHASE_STRIP = NO;
				DEBUG_INFORMATION_FORMAT = "dwarf-with-dsym";
				ENABLE_NS_ASSERTIONS = NO;
				ENABLE_STRICT_OBJC_MSGSEND = YES;
				GCC_C_LANGUAGE_STANDARD = gnu99;
				GCC_NO_COMMON_BLOCKS = YES;
				GCC_WARN_64_TO_32_BIT_CONVERSION = YES;
				GCC_WARN_ABOUT_RETURN_TYPE = YES_ERROR;
				GCC_WARN_UNDECLARED_SELECTOR = YES;
				GCC_WARN_UNINITIALIZED_AUTOS = YES_AGGRESSIVE;
				GCC_WARN_UNUSED_FUNCTION = YES;
				GCC_WARN_UNUSED_VARIABLE = YES;
				IPHONEOS_DEPLOYMENT_TARGET = 9.1;
				MTL_ENABLE_DEBUG_INFO = NO;
				SDKROOT = iphoneos;
				TARGETED_DEVICE_FAMILY = "1,2";
				VALIDATE_PRODUCT = YES;
			};
			name = Release;
		};
		A538643D1C17336C00BB6F24 /* Debug */ = {
			isa = XCBuildConfiguration;
			baseConfigurationReference = 33A27149196E953950C09F5A /* Pods-SimularImagesSearch.debug.xcconfig */;
			buildSettings = {
				ASSETCATALOG_COMPILER_APPICON_NAME = AppIcon;
				INFOPLIST_FILE = SimularImagesSearch/Info.plist;
				LD_RUNPATH_SEARCH_PATHS = "$(inherited) @executable_path/Frameworks";
				PRODUCT_BUNDLE_IDENTIFIER = SAM.SimularImagesSearch;
				PRODUCT_NAME = "$(TARGET_NAME)";
			};
			name = Debug;
		};
		A538643E1C17336C00BB6F24 /* Release */ = {
			isa = XCBuildConfiguration;
			baseConfigurationReference = 3352DB0841213269163D245D /* Pods-SimularImagesSearch.release.xcconfig */;
			buildSettings = {
				ASSETCATALOG_COMPILER_APPICON_NAME = AppIcon;
				INFOPLIST_FILE = SimularImagesSearch/Info.plist;
				LD_RUNPATH_SEARCH_PATHS = "$(inherited) @executable_path/Frameworks";
				PRODUCT_BUNDLE_IDENTIFIER = SAM.SimularImagesSearch;
				PRODUCT_NAME = "$(TARGET_NAME)";
			};
			name = Release;
		};
/* End XCBuildConfiguration section */

/* Begin XCConfigurationList section */
		A53864251C17336C00BB6F24 /* Build configuration list for PBXProject "SimularImagesSearch" */ = {
			isa = XCConfigurationList;
			buildConfigurations = (
				A538643A1C17336C00BB6F24 /* Debug */,
				A538643B1C17336C00BB6F24 /* Release */,
			);
			defaultConfigurationIsVisible = 0;
			defaultConfigurationName = Release;
		};
		A538643C1C17336C00BB6F24 /* Build configuration list for PBXNativeTarget "SimularImagesSearch" */ = {
			isa = XCConfigurationList;
			buildConfigurations = (
				A538643D1C17336C00BB6F24 /* Debug */,
				A538643E1C17336C00BB6F24 /* Release */,
			);
			defaultConfigurationIsVisible = 0;
			defaultConfigurationName = Release;
		};
/* End XCConfigurationList section */
	};
	rootObject = A53864221C17336C00BB6F24 /* Project object */;
}
